
Microsoft Visual Studio Solution File, Format Version 12.00
# Visual Studio Version 17
VisualStudioVersion = 17.9.34701.34
MinimumVisualStudioVersion = 10.0.40219.1
Project("{9A19103F-16F7-4668-BE54-9A1E7A4F7556}") = "VdLabel", "VdLabel\VdLabel.csproj", "{550F365E-5537-4DEC-B4F4-9B3E4D904C05}"
EndProject
Project("{FAE04EC0-301F-11D3-BF4B-00C04F79EFBC}") = "VdLabel.Wix", "VdLabel.Wix\VdLabel.Wix.csproj", "{35DAED9F-5BF2-47D4-A3B2-E329B11282F8}"
EndProject
Global
	GlobalSection(SolutionConfigurationPlatforms) = preSolution
		Debug|Any CPU = Debug|Any CPU
		Release|Any CPU = Release|Any CPU
	EndGlobalSection
	GlobalSection(ProjectConfigurationPlatforms) = postSolution
		{550F365E-5537-4DEC-B4F4-9B3E4D904C05}.Debug|Any CPU.ActiveCfg = Debug|Any CPU
		{550F365E-5537-4DEC-B4F4-9B3E4D904C05}.Debug|Any CPU.Build.0 = Debug|Any CPU
		{550F365E-5537-4DEC-B4F4-9B3E4D904C05}.Release|Any CPU.ActiveCfg = Release|Any CPU
		{550F365E-5537-4DEC-B4F4-9B3E4D904C05}.Release|Any CPU.Build.0 = Release|Any CPU
		{35DAED9F-5BF2-47D4-A3B2-E329B11282F8}.Debug|Any CPU.ActiveCfg = Debug|Any CPU
		{35DAED9F-5BF2-47D4-A3B2-E329B11282F8}.Debug|Any CPU.Build.0 = Debug|Any CPU
		{35DAED9F-5BF2-47D4-A3B2-E329B11282F8}.Release|Any CPU.ActiveCfg = Release|Any CPU
		{35DAED9F-5BF2-47D4-A3B2-E329B11282F8}.Release|Any CPU.Build.0 = Release|Any CPU
	EndGlobalSection
	GlobalSection(SolutionProperties) = preSolution
		HideSolutionNode = FALSE
	EndGlobalSection
	GlobalSection(ExtensibilityGlobals) = postSolution
		SolutionGuid = {4FF2BCDC-3065-48AF-82B4-4682B342CCBF}
	EndGlobalSection
EndGlobal
